
Microsoft Visual Studio Solution File, Format Version 12.00
# Visual Studio Version 16
VisualStudioVersion = 16.0.31702.278
MinimumVisualStudioVersion = 10.0.40219.1
Project("{FAE04EC0-301F-11D3-BF4B-00C04F79EFBC}") = "FivePD Drug Deal Callout", "FivePD Drug Deal Callout\FivePD Drug Deal Callout.csproj", "{B51FDE96-33BF-49CE-8D94-32137B32AAB9}"
EndProject
Global
	GlobalSection(SolutionConfigurationPlatforms) = preSolution
		Debug|Any CPU = Debug|Any CPU
		Release|Any CPU = Release|Any CPU
	EndGlobalSection
	GlobalSection(ProjectConfigurationPlatforms) = postSolution
		{B51FDE96-33BF-49CE-8D94-32137B32AAB9}.Debug|Any CPU.ActiveCfg = Debug|Any CPU
		{B51FDE96-33BF-49CE-8D94-32137B32AAB9}.Debug|Any CPU.Build.0 = Debug|Any CPU
		{B51FDE96-33BF-49CE-8D94-32137B32AAB9}.Release|Any CPU.ActiveCfg = Release|Any CPU
		{B51FDE96-33BF-49CE-8D94-32137B32AAB9}.Release|Any CPU.Build.0 = Release|Any CPU
	EndGlobalSection
	GlobalSection(SolutionProperties) = preSolution
		HideSolutionNode = FALSE
	EndGlobalSection
	GlobalSection(ExtensibilityGlobals) = postSolution
		SolutionGuid = {0DEF478B-1CA3-4CF2-A473-E66903D0DB0A}
	EndGlobalSection
EndGlobal
